
Microsoft Visual Studio Solution File, Format Version 12.00
# Visual Studio 2013
VisualStudioVersion = 12.0.40629.0
MinimumVisualStudioVersion = 10.0.40219.1
Project("{FAE04EC0-301F-11D3-BF4B-00C04F79EFBC}") = "entity-entendendo-withrequireddependet", "entity-entendendo-withrequireddependet\entity-entendendo-withrequireddependet.csproj", "{F3C30CBB-92AE-44A4-A4EA-808C1B65B4B4}"
EndProject
Project("{2150E333-8FDC-42A3-9474-1A3956D46DE8}") = ".nuget", ".nuget", "{16CBDC7E-498B-40B7-8136-E67E16C9B2C1}"
	ProjectSection(SolutionItems) = preProject
		.nuget\NuGet.Config = .nuget\NuGet.Config
		.nuget\NuGet.exe = .nuget\NuGet.exe
		.nuget\NuGet.targets = .nuget\NuGet.targets
	EndProjectSection
EndProject
Global
	GlobalSection(SolutionConfigurationPlatforms) = preSolution
		Debug|Any CPU = Debug|Any CPU
		Release|Any CPU = Release|Any CPU
	EndGlobalSection
	GlobalSection(ProjectConfigurationPlatforms) = postSolution
		{F3C30CBB-92AE-44A4-A4EA-808C1B65B4B4}.Debug|Any CPU.ActiveCfg = Debug|Any CPU
		{F3C30CBB-92AE-44A4-A4EA-808C1B65B4B4}.Debug|Any CPU.Build.0 = Debug|Any CPU
		{F3C30CBB-92AE-44A4-A4EA-808C1B65B4B4}.Release|Any CPU.ActiveCfg = Release|Any CPU
		{F3C30CBB-92AE-44A4-A4EA-808C1B65B4B4}.Release|Any CPU.Build.0 = Release|Any CPU
	EndGlobalSection
	GlobalSection(SolutionProperties) = preSolution
		HideSolutionNode = FALSE
	EndGlobalSection
EndGlobal
